
Microsoft Visual Studio Solution File, Format Version 12.00
# Visual Studio Version 16
VisualStudioVersion = 16.0.29306.81
MinimumVisualStudioVersion = 10.0.40219.1
Project("{FAE04EC0-301F-11D3-BF4B-00C04F79EFBC}") = "Riktiga aktie spelet", "Riktiga aktie spelet\Riktiga aktie spelet.csproj", "{37DC87C5-6D78-454C-9F1C-B29C04AB24B2}"
EndProject
Global
	GlobalSection(SolutionConfigurationPlatforms) = preSolution
		Debug|Any CPU = Debug|Any CPU
		Release|Any CPU = Release|Any CPU
	EndGlobalSection
	GlobalSection(ProjectConfigurationPlatforms) = postSolution
		{37DC87C5-6D78-454C-9F1C-B29C04AB24B2}.Debug|Any CPU.ActiveCfg = Debug|Any CPU
		{37DC87C5-6D78-454C-9F1C-B29C04AB24B2}.Debug|Any CPU.Build.0 = Debug|Any CPU
		{37DC87C5-6D78-454C-9F1C-B29C04AB24B2}.Release|Any CPU.ActiveCfg = Release|Any CPU
		{37DC87C5-6D78-454C-9F1C-B29C04AB24B2}.Release|Any CPU.Build.0 = Release|Any CPU
	EndGlobalSection
	GlobalSection(SolutionProperties) = preSolution
		HideSolutionNode = FALSE
	EndGlobalSection
	GlobalSection(ExtensibilityGlobals) = postSolution
		SolutionGuid = {7EDCEFCC-9BCC-4F46-8A84-A0FFF38FB041}
	EndGlobalSection
EndGlobal
